
Microsoft Visual Studio Solution File, Format Version 12.00
# Visual Studio Version 16
VisualStudioVersion = 16.0.31321.278
MinimumVisualStudioVersion = 10.0.40219.1
Project("{FAE04EC0-301F-11D3-BF4B-00C04F79EFBC}") = "Blog", "Blog.csproj", "{5A0352CE-B34E-4C67-8D6B-42E958663961}"
EndProject
Global
	GlobalSection(SolutionConfigurationPlatforms) = preSolution
		Debug|Any CPU = Debug|Any CPU
		Release|Any CPU = Release|Any CPU
	EndGlobalSection
	GlobalSection(ProjectConfigurationPlatforms) = postSolution
		{5A0352CE-B34E-4C67-8D6B-42E958663961}.Debug|Any CPU.ActiveCfg = Debug|Any CPU
		{5A0352CE-B34E-4C67-8D6B-42E958663961}.Debug|Any CPU.Build.0 = Debug|Any CPU
		{5A0352CE-B34E-4C67-8D6B-42E958663961}.Release|Any CPU.ActiveCfg = Release|Any CPU
		{5A0352CE-B34E-4C67-8D6B-42E958663961}.Release|Any CPU.Build.0 = Release|Any CPU
	EndGlobalSection
	GlobalSection(SolutionProperties) = preSolution
		HideSolutionNode = FALSE
	EndGlobalSection
	GlobalSection(ExtensibilityGlobals) = postSolution
		SolutionGuid = {28A0E7F8-D66D-4B50-85FB-EF89094DE7CB}
	EndGlobalSection
EndGlobal
